
Microsoft Visual Studio Solution File, Format Version 12.00
# Visual Studio Version 16
VisualStudioVersion = 16.0.29728.190
MinimumVisualStudioVersion = 10.0.40219.1
Project("{FAE04EC0-301F-11D3-BF4B-00C04F79EFBC}") = "ControleProdutosQuimicos", "ControleProdutosQuimicos\ControleProdutosQuimicos.csproj", "{2C8E4F5D-DD5C-468D-8D49-691788945355}"
EndProject
Global
	GlobalSection(SolutionConfigurationPlatforms) = preSolution
		Debug|Any CPU = Debug|Any CPU
		Release|Any CPU = Release|Any CPU
	EndGlobalSection
	GlobalSection(ProjectConfigurationPlatforms) = postSolution
		{2C8E4F5D-DD5C-468D-8D49-691788945355}.Debug|Any CPU.ActiveCfg = Debug|Any CPU
		{2C8E4F5D-DD5C-468D-8D49-691788945355}.Debug|Any CPU.Build.0 = Debug|Any CPU
		{2C8E4F5D-DD5C-468D-8D49-691788945355}.Release|Any CPU.ActiveCfg = Release|Any CPU
		{2C8E4F5D-DD5C-468D-8D49-691788945355}.Release|Any CPU.Build.0 = Release|Any CPU
	EndGlobalSection
	GlobalSection(SolutionProperties) = preSolution
		HideSolutionNode = FALSE
	EndGlobalSection
	GlobalSection(ExtensibilityGlobals) = postSolution
		SolutionGuid = {FDFB5C4C-DE99-4BE0-A906-696B7658EF79}
	EndGlobalSection
EndGlobal
